
Microsoft Visual Studio Solution File, Format Version 12.00
# Visual Studio Version 16
VisualStudioVersion = 16.0.31321.278
MinimumVisualStudioVersion = 10.0.40219.1
Project("{FAE04EC0-301F-11D3-BF4B-00C04F79EFBC}") = "MillMoneyMiner2", "MillMoneyMiner2.csproj", "{7E7FE413-D4E1-452D-B243-86935027E91C}"
EndProject
Global
	GlobalSection(SolutionConfigurationPlatforms) = preSolution
		Debug|Any CPU = Debug|Any CPU
		Release|Any CPU = Release|Any CPU
	EndGlobalSection
	GlobalSection(ProjectConfigurationPlatforms) = postSolution
		{7E7FE413-D4E1-452D-B243-86935027E91C}.Debug|Any CPU.ActiveCfg = Debug|Any CPU
		{7E7FE413-D4E1-452D-B243-86935027E91C}.Debug|Any CPU.Build.0 = Debug|Any CPU
		{7E7FE413-D4E1-452D-B243-86935027E91C}.Release|Any CPU.ActiveCfg = Release|Any CPU
		{7E7FE413-D4E1-452D-B243-86935027E91C}.Release|Any CPU.Build.0 = Release|Any CPU
	EndGlobalSection
	GlobalSection(SolutionProperties) = preSolution
		HideSolutionNode = FALSE
	EndGlobalSection
	GlobalSection(ExtensibilityGlobals) = postSolution
		SolutionGuid = {3463A67C-F828-43D6-B339-0E0C40C373E4}
	EndGlobalSection
EndGlobal
